
Microsoft Visual Studio Solution File, Format Version 12.00
Project("{FAE04EC0-301F-11D3-BF4B-00C04F79EFBC}") = "maui", "maui.csproj", "{F633A001-A32B-47BA-9DB7-1DD1BB37F4EB}"
EndProject
Global
	GlobalSection(SolutionConfigurationPlatforms) = preSolution
		Debug|Any CPU = Debug|Any CPU
		Release|Any CPU = Release|Any CPU
	EndGlobalSection
	GlobalSection(ProjectConfigurationPlatforms) = postSolution
		{F633A001-A32B-47BA-9DB7-1DD1BB37F4EB}.Debug|Any CPU.ActiveCfg = Debug|Any CPU
		{F633A001-A32B-47BA-9DB7-1DD1BB37F4EB}.Debug|Any CPU.Build.0 = Debug|Any CPU
		{F633A001-A32B-47BA-9DB7-1DD1BB37F4EB}.Debug|Any CPU.Deploy.0 = Debug|Any CPU
		{F633A001-A32B-47BA-9DB7-1DD1BB37F4EB}.Release|Any CPU.ActiveCfg = Release|Any CPU
		{F633A001-A32B-47BA-9DB7-1DD1BB37F4EB}.Release|Any CPU.Build.0 = Release|Any CPU
		{F633A001-A32B-47BA-9DB7-1DD1BB37F4EB}.Release|Any CPU.Deploy.0 = Release|Any CPU
	EndGlobalSection
EndGlobal
